PODS:
  - AKCards (0.2.6):
    - R.swift
  - R.swift (5.1.0):
    - R.swift.Library (~> 5.1.0)
  - R.swift.Library (5.1.0)

DEPENDENCIES:
  - AKCards (from `../`)
  - R.swift

SPEC REPOS:
  trunk:
    - R.swift
    - R.swift.Library

EXTERNAL SOURCES:
  AKCards:
    :path: "../"

SPEC CHECKSUMS:
  AKCards: 5ce9f07e3b49b32c929513f290c24f50b9e93f54
  R.swift: 8cbc4fc69b740305b6a17c8a8ed968eb788962d9
  R.swift.Library: fa85ce1e0d0b7e818cd9e080df910ba54d2776cc

PODFILE CHECKSUM: 7363ab2921a3da8ad57cfe54443919471b6a3324

COCOAPODS: 1.8.4
